
Microsoft Visual Studio Solution File, Format Version 12.00
# Visual Studio Version 16
VisualStudioVersion = 16.0.30907.101
MinimumVisualStudioVersion = 10.0.40219.1
Project("{FAE04EC0-301F-11D3-BF4B-00C04F79EFBC}") = "CA_RandomNumber", "CA_RandomNumber.csproj", "{A5B89B57-7A88-4A71-9201-D56884653FB0}"
EndProject
Global
	GlobalSection(SolutionConfigurationPlatforms) = preSolution
		Debug|Any CPU = Debug|Any CPU
		Release|Any CPU = Release|Any CPU
	EndGlobalSection
	GlobalSection(ProjectConfigurationPlatforms) = postSolution
		{A5B89B57-7A88-4A71-9201-D56884653FB0}.Debug|Any CPU.ActiveCfg = Debug|Any CPU
		{A5B89B57-7A88-4A71-9201-D56884653FB0}.Debug|Any CPU.Build.0 = Debug|Any CPU
		{A5B89B57-7A88-4A71-9201-D56884653FB0}.Release|Any CPU.ActiveCfg = Release|Any CPU
		{A5B89B57-7A88-4A71-9201-D56884653FB0}.Release|Any CPU.Build.0 = Release|Any CPU
	EndGlobalSection
	GlobalSection(SolutionProperties) = preSolution
		HideSolutionNode = FALSE
	EndGlobalSection
	GlobalSection(ExtensibilityGlobals) = postSolution
		SolutionGuid = {9DDE6F19-9D03-4B3C-9A9C-A88F6EAA49DD}
	EndGlobalSection
EndGlobal
